
Microsoft Visual Studio Solution File, Format Version 12.00
# Visual Studio 15
VisualStudioVersion = 15.0.26228.4
MinimumVisualStudioVersion = 10.0.40219.1
Project("{9A19103F-16F7-4668-BE54-9A1E7A4F7556}") = "NetworkLayer", "NetworkLayer\NetworkLayer.csproj", "{E545D767-2C5C-42A9-8FD6-B16E5A200384}"
EndProject
Project("{9A19103F-16F7-4668-BE54-9A1E7A4F7556}") = "GameServer", "GameServer\GameServer.csproj", "{059E0F79-6C2C-4AFB-AACE-13DA7E85B5C8}"
EndProject
Project("{9A19103F-16F7-4668-BE54-9A1E7A4F7556}") = "DataTransferObjects", "DataTransferObjects\DataTransferObjects.csproj", "{538B1B88-47F3-43F8-BA4E-0C9F9E9CAF63}"
EndProject
Global
	GlobalSection(SolutionConfigurationPlatforms) = preSolution
		Debug|Any CPU = Debug|Any CPU
		DebugUnity|Any CPU = DebugUnity|Any CPU
		Release|Any CPU = Release|Any CPU
		ReleaseUnity|Any CPU = ReleaseUnity|Any CPU
	EndGlobalSection
	GlobalSection(ProjectConfigurationPlatforms) = postSolution
		{E545D767-2C5C-42A9-8FD6-B16E5A200384}.Debug|Any CPU.ActiveCfg = Debug|Any CPU
		{E545D767-2C5C-42A9-8FD6-B16E5A200384}.Debug|Any CPU.Build.0 = Debug|Any CPU
		{E545D767-2C5C-42A9-8FD6-B16E5A200384}.DebugUnity|Any CPU.ActiveCfg = DebugUnity|Any CPU
		{E545D767-2C5C-42A9-8FD6-B16E5A200384}.DebugUnity|Any CPU.Build.0 = DebugUnity|Any CPU
		{E545D767-2C5C-42A9-8FD6-B16E5A200384}.Release|Any CPU.ActiveCfg = Release|Any CPU
		{E545D767-2C5C-42A9-8FD6-B16E5A200384}.Release|Any CPU.Build.0 = Release|Any CPU
		{E545D767-2C5C-42A9-8FD6-B16E5A200384}.ReleaseUnity|Any CPU.ActiveCfg = ReleaseUnity|Any CPU
		{E545D767-2C5C-42A9-8FD6-B16E5A200384}.ReleaseUnity|Any CPU.Build.0 = ReleaseUnity|Any CPU
		{059E0F79-6C2C-4AFB-AACE-13DA7E85B5C8}.Debug|Any CPU.ActiveCfg = Debug|Any CPU
		{059E0F79-6C2C-4AFB-AACE-13DA7E85B5C8}.Debug|Any CPU.Build.0 = Debug|Any CPU
		{059E0F79-6C2C-4AFB-AACE-13DA7E85B5C8}.DebugUnity|Any CPU.ActiveCfg = DebugUnity|Any CPU
		{059E0F79-6C2C-4AFB-AACE-13DA7E85B5C8}.DebugUnity|Any CPU.Build.0 = DebugUnity|Any CPU
		{059E0F79-6C2C-4AFB-AACE-13DA7E85B5C8}.Release|Any CPU.ActiveCfg = Release|Any CPU
		{059E0F79-6C2C-4AFB-AACE-13DA7E85B5C8}.Release|Any CPU.Build.0 = Release|Any CPU
		{059E0F79-6C2C-4AFB-AACE-13DA7E85B5C8}.ReleaseUnity|Any CPU.ActiveCfg = ReleaseUnity|Any CPU
		{059E0F79-6C2C-4AFB-AACE-13DA7E85B5C8}.ReleaseUnity|Any CPU.Build.0 = ReleaseUnity|Any CPU
		{538B1B88-47F3-43F8-BA4E-0C9F9E9CAF63}.Debug|Any CPU.ActiveCfg = Debug|Any CPU
		{538B1B88-47F3-43F8-BA4E-0C9F9E9CAF63}.Debug|Any CPU.Build.0 = Debug|Any CPU
		{538B1B88-47F3-43F8-BA4E-0C9F9E9CAF63}.DebugUnity|Any CPU.ActiveCfg = DebugUnity|Any CPU
		{538B1B88-47F3-43F8-BA4E-0C9F9E9CAF63}.DebugUnity|Any CPU.Build.0 = DebugUnity|Any CPU
		{538B1B88-47F3-43F8-BA4E-0C9F9E9CAF63}.Release|Any CPU.ActiveCfg = Release|Any CPU
		{538B1B88-47F3-43F8-BA4E-0C9F9E9CAF63}.Release|Any CPU.Build.0 = Release|Any CPU
		{538B1B88-47F3-43F8-BA4E-0C9F9E9CAF63}.ReleaseUnity|Any CPU.ActiveCfg = ReleaseUnity|Any CPU
		{538B1B88-47F3-43F8-BA4E-0C9F9E9CAF63}.ReleaseUnity|Any CPU.Build.0 = ReleaseUnity|Any CPU
	EndGlobalSection
	GlobalSection(SolutionProperties) = preSolution
		HideSolutionNode = FALSE
	EndGlobalSection
EndGlobal
